
Microsoft Visual Studio Solution File, Format Version 12.00
# Visual Studio Version 16
VisualStudioVersion = 16.0.30621.155
MinimumVisualStudioVersion = 10.0.40219.1
Project("{8BC9CEB8-8B4A-11D0-8D11-00A0C91BC942}") = "imgui", "imgui_lib.vcxproj", "{DB684712-07BA-4C83-8519-9434D7CD8E0D}"
EndProject
Global
	GlobalSection(SolutionConfigurationPlatforms) = preSolution
		Debug|x64 = Debug|x64
		Debug|x86 = Debug|x86
		Release|x64 = Release|x64
		Release|x86 = Release|x86
	EndGlobalSection
	GlobalSection(ProjectConfigurationPlatforms) = postSolution
		{DB684712-07BA-4C83-8519-9434D7CD8E0D}.Debug|x64.ActiveCfg = Debug|x64
		{DB684712-07BA-4C83-8519-9434D7CD8E0D}.Debug|x64.Build.0 = Debug|x64
		{DB684712-07BA-4C83-8519-9434D7CD8E0D}.Debug|x86.ActiveCfg = Debug|Win32
		{DB684712-07BA-4C83-8519-9434D7CD8E0D}.Debug|x86.Build.0 = Debug|Win32
		{DB684712-07BA-4C83-8519-9434D7CD8E0D}.Release|x64.ActiveCfg = Release|x64
		{DB684712-07BA-4C83-8519-9434D7CD8E0D}.Release|x64.Build.0 = Release|x64
		{DB684712-07BA-4C83-8519-9434D7CD8E0D}.Release|x86.ActiveCfg = Release|Win32
		{DB684712-07BA-4C83-8519-9434D7CD8E0D}.Release|x86.Build.0 = Release|Win32
	EndGlobalSection
	GlobalSection(SolutionProperties) = preSolution
		HideSolutionNode = FALSE
	EndGlobalSection
	GlobalSection(ExtensibilityGlobals) = postSolution
		SolutionGuid = {3DA9EB73-D3B0-434A-BF3F-900F92E3AF3E}
	EndGlobalSection
EndGlobal
